
Microsoft Visual Studio Solution File, Format Version 12.00
Project("{FAE04EC0-301F-11D3-BF4B-00C04F79EFBC}") = "test_peformance", "test_peformance\test_peformance.csproj", "{6A1446FE-2464-4DA3-9034-09E255C71A7E}"
EndProject
Project("{FAE04EC0-301F-11D3-BF4B-00C04F79EFBC}") = "TestProject1", "TestProject1\TestProject1.csproj", "{28A618A0-22B9-42A4-A7F7-AA57D274C7AE}"
EndProject
Project("{FAE04EC0-301F-11D3-BF4B-00C04F79EFBC}") = "EventBusRabbitMQ", "EventBusRabbitMQ\EventBusRabbitMQ.csproj", "{5C0BFBAF-2FCF-44E4-90A8-4E92837D2D16}"
EndProject
Project("{FAE04EC0-301F-11D3-BF4B-00C04F79EFBC}") = "EventBus", "EventBus\EventBus.csproj", "{D4C921D8-2AF1-4DDA-A365-6844EB351B61}"
EndProject
Project("{2150E333-8FDC-42A3-9474-1A3956D46DE8}") = "EventBus", "EventBus", "{9355CE82-7A4A-422C-ADE7-01E3DBBB7564}"
EndProject
Project("{FAE04EC0-301F-11D3-BF4B-00C04F79EFBC}") = "IntegrationEventLogEF", "IntegrationEventLogEF\IntegrationEventLogEF.csproj", "{DB3F2D60-9F07-4242-BB2B-A92B02F613F6}"
EndProject
Global
	GlobalSection(SolutionConfigurationPlatforms) = preSolution
		Debug|Any CPU = Debug|Any CPU
		Release|Any CPU = Release|Any CPU
	EndGlobalSection
	GlobalSection(ProjectConfigurationPlatforms) = postSolution
		{6A1446FE-2464-4DA3-9034-09E255C71A7E}.Debug|Any CPU.ActiveCfg = Debug|Any CPU
		{6A1446FE-2464-4DA3-9034-09E255C71A7E}.Debug|Any CPU.Build.0 = Debug|Any CPU
		{6A1446FE-2464-4DA3-9034-09E255C71A7E}.Release|Any CPU.ActiveCfg = Release|Any CPU
		{6A1446FE-2464-4DA3-9034-09E255C71A7E}.Release|Any CPU.Build.0 = Release|Any CPU
		{28A618A0-22B9-42A4-A7F7-AA57D274C7AE}.Debug|Any CPU.ActiveCfg = Debug|Any CPU
		{28A618A0-22B9-42A4-A7F7-AA57D274C7AE}.Debug|Any CPU.Build.0 = Debug|Any CPU
		{28A618A0-22B9-42A4-A7F7-AA57D274C7AE}.Release|Any CPU.ActiveCfg = Release|Any CPU
		{28A618A0-22B9-42A4-A7F7-AA57D274C7AE}.Release|Any CPU.Build.0 = Release|Any CPU
		{5C0BFBAF-2FCF-44E4-90A8-4E92837D2D16}.Debug|Any CPU.ActiveCfg = Debug|Any CPU
		{5C0BFBAF-2FCF-44E4-90A8-4E92837D2D16}.Debug|Any CPU.Build.0 = Debug|Any CPU
		{5C0BFBAF-2FCF-44E4-90A8-4E92837D2D16}.Release|Any CPU.ActiveCfg = Release|Any CPU
		{5C0BFBAF-2FCF-44E4-90A8-4E92837D2D16}.Release|Any CPU.Build.0 = Release|Any CPU
		{D4C921D8-2AF1-4DDA-A365-6844EB351B61}.Debug|Any CPU.ActiveCfg = Debug|Any CPU
		{D4C921D8-2AF1-4DDA-A365-6844EB351B61}.Debug|Any CPU.Build.0 = Debug|Any CPU
		{D4C921D8-2AF1-4DDA-A365-6844EB351B61}.Release|Any CPU.ActiveCfg = Release|Any CPU
		{D4C921D8-2AF1-4DDA-A365-6844EB351B61}.Release|Any CPU.Build.0 = Release|Any CPU
		{DB3F2D60-9F07-4242-BB2B-A92B02F613F6}.Debug|Any CPU.ActiveCfg = Debug|Any CPU
		{DB3F2D60-9F07-4242-BB2B-A92B02F613F6}.Debug|Any CPU.Build.0 = Debug|Any CPU
		{DB3F2D60-9F07-4242-BB2B-A92B02F613F6}.Release|Any CPU.ActiveCfg = Release|Any CPU
		{DB3F2D60-9F07-4242-BB2B-A92B02F613F6}.Release|Any CPU.Build.0 = Release|Any CPU
	EndGlobalSection
	GlobalSection(NestedProjects) = preSolution
		{D4C921D8-2AF1-4DDA-A365-6844EB351B61} = {9355CE82-7A4A-422C-ADE7-01E3DBBB7564}
		{5C0BFBAF-2FCF-44E4-90A8-4E92837D2D16} = {9355CE82-7A4A-422C-ADE7-01E3DBBB7564}
		{DB3F2D60-9F07-4242-BB2B-A92B02F613F6} = {9355CE82-7A4A-422C-ADE7-01E3DBBB7564}
	EndGlobalSection
EndGlobal
